
Microsoft Visual Studio Solution File, Format Version 12.00
# Visual Studio Version 17
VisualStudioVersion = 17.0.31606.5
MinimumVisualStudioVersion = 10.0.40219.1
Project("{FAE04EC0-301F-11D3-BF4B-00C04F79EFBC}") = "LinePutScript", "LinePutScript\LinePutScript.csproj", "{5DDF4B71-1925-4A49-909D-B5F2F4139A4E}"
EndProject
Project("{FAE04EC0-301F-11D3-BF4B-00C04F79EFBC}") = "LinePutScript.DataBase", "LinePutScriptDataBase\LinePutScript.DataBase.csproj", "{BCF7E909-AC84-42F7-8AFD-0F0C3CB8EBAE}"
EndProject
Project("{FAE04EC0-301F-11D3-BF4B-00C04F79EFBC}") = "LPSDBHost", "LPSDBHost\LPSDBHost.csproj", "{C67A92B7-CF24-4AD6-9E8A-316D49D7B980}"
EndProject
Project("{FAE04EC0-301F-11D3-BF4B-00C04F79EFBC}") = "LinePutScript.LinePut", "LinePutScript.LinePut\LinePutScript.LinePut.csproj", "{D7FD2B9B-6608-41B8-9507-B1C24B0364EC}"
EndProject
Project("{9A19103F-16F7-4668-BE54-9A1E7A4F7556}") = "LinePutScript.SQLHelper.Core", "LinePutScript.SQLHelper.Core\LinePutScript.SQLHelper.Core.csproj", "{1304841B-276B-45DA-9FFC-84C35D814696}"
EndProject
Project("{9A19103F-16F7-4668-BE54-9A1E7A4F7556}") = "LinePutScript.Core", "LinePutScript.Core\LinePutScript.Core.csproj", "{B48573D1-755F-48A3-A8CB-732AC2662F02}"
EndProject
Project("{FAE04EC0-301F-11D3-BF4B-00C04F79EFBC}") = "LinePutScript.SQLHelper", "LinePutScript.SQLHelper\LinePutScript.SQLHelper.csproj", "{5AE669F5-099D-44AD-BB33-618E9BF42544}"
EndProject
Global
	GlobalSection(SolutionConfigurationPlatforms) = preSolution
		Debug|Any CPU = Debug|Any CPU
		Release|Any CPU = Release|Any CPU
	EndGlobalSection
	GlobalSection(ProjectConfigurationPlatforms) = postSolution
		{5DDF4B71-1925-4A49-909D-B5F2F4139A4E}.Debug|Any CPU.ActiveCfg = Debug|Any CPU
		{5DDF4B71-1925-4A49-909D-B5F2F4139A4E}.Debug|Any CPU.Build.0 = Debug|Any CPU
		{5DDF4B71-1925-4A49-909D-B5F2F4139A4E}.Release|Any CPU.ActiveCfg = Release|Any CPU
		{5DDF4B71-1925-4A49-909D-B5F2F4139A4E}.Release|Any CPU.Build.0 = Release|Any CPU
		{BCF7E909-AC84-42F7-8AFD-0F0C3CB8EBAE}.Debug|Any CPU.ActiveCfg = Debug|Any CPU
		{BCF7E909-AC84-42F7-8AFD-0F0C3CB8EBAE}.Debug|Any CPU.Build.0 = Debug|Any CPU
		{BCF7E909-AC84-42F7-8AFD-0F0C3CB8EBAE}.Release|Any CPU.ActiveCfg = Release|Any CPU
		{BCF7E909-AC84-42F7-8AFD-0F0C3CB8EBAE}.Release|Any CPU.Build.0 = Release|Any CPU
		{C67A92B7-CF24-4AD6-9E8A-316D49D7B980}.Debug|Any CPU.ActiveCfg = Debug|Any CPU
		{C67A92B7-CF24-4AD6-9E8A-316D49D7B980}.Debug|Any CPU.Build.0 = Debug|Any CPU
		{C67A92B7-CF24-4AD6-9E8A-316D49D7B980}.Release|Any CPU.ActiveCfg = Release|Any CPU
		{C67A92B7-CF24-4AD6-9E8A-316D49D7B980}.Release|Any CPU.Build.0 = Release|Any CPU
		{D7FD2B9B-6608-41B8-9507-B1C24B0364EC}.Debug|Any CPU.ActiveCfg = Debug|Any CPU
		{D7FD2B9B-6608-41B8-9507-B1C24B0364EC}.Debug|Any CPU.Build.0 = Debug|Any CPU
		{D7FD2B9B-6608-41B8-9507-B1C24B0364EC}.Release|Any CPU.ActiveCfg = Release|Any CPU
		{D7FD2B9B-6608-41B8-9507-B1C24B0364EC}.Release|Any CPU.Build.0 = Release|Any CPU
		{1304841B-276B-45DA-9FFC-84C35D814696}.Debug|Any CPU.ActiveCfg = Debug|Any CPU
		{1304841B-276B-45DA-9FFC-84C35D814696}.Debug|Any CPU.Build.0 = Debug|Any CPU
		{1304841B-276B-45DA-9FFC-84C35D814696}.Release|Any CPU.ActiveCfg = Release|Any CPU
		{1304841B-276B-45DA-9FFC-84C35D814696}.Release|Any CPU.Build.0 = Release|Any CPU
		{B48573D1-755F-48A3-A8CB-732AC2662F02}.Debug|Any CPU.ActiveCfg = Debug|Any CPU
		{B48573D1-755F-48A3-A8CB-732AC2662F02}.Debug|Any CPU.Build.0 = Debug|Any CPU
		{B48573D1-755F-48A3-A8CB-732AC2662F02}.Release|Any CPU.ActiveCfg = Release|Any CPU
		{B48573D1-755F-48A3-A8CB-732AC2662F02}.Release|Any CPU.Build.0 = Release|Any CPU
		{5AE669F5-099D-44AD-BB33-618E9BF42544}.Debug|Any CPU.ActiveCfg = Debug|Any CPU
		{5AE669F5-099D-44AD-BB33-618E9BF42544}.Debug|Any CPU.Build.0 = Debug|Any CPU
		{5AE669F5-099D-44AD-BB33-618E9BF42544}.Release|Any CPU.ActiveCfg = Release|Any CPU
		{5AE669F5-099D-44AD-BB33-618E9BF42544}.Release|Any CPU.Build.0 = Release|Any CPU
	EndGlobalSection
	GlobalSection(SolutionProperties) = preSolution
		HideSolutionNode = FALSE
	EndGlobalSection
	GlobalSection(ExtensibilityGlobals) = postSolution
		SolutionGuid = {68001329-0CDB-4A87-A977-44E54DEC2AC5}
	EndGlobalSection
EndGlobal
